
Microsoft Visual Studio Solution File, Format Version 12.00
# Visual Studio Version 16
VisualStudioVersion = 16.0.33801.447
MinimumVisualStudioVersion = 10.0.40219.1
Project("{FAE04EC0-301F-11D3-BF4B-00C04F79EFBC}") = "Samples", "Samples\Samples.csproj", "{1E057FAC-2C79-46B1-B6B3-19DCC16EC086}"
EndProject
Global
	GlobalSection(SolutionConfigurationPlatforms) = preSolution
		Debug|Any CPU = Debug|Any CPU
		Release|Any CPU = Release|Any CPU
	EndGlobalSection
	GlobalSection(ProjectConfigurationPlatforms) = postSolution
		{1E057FAC-2C79-46B1-B6B3-19DCC16EC086}.Debug|Any CPU.ActiveCfg = Debug|Any CPU
		{1E057FAC-2C79-46B1-B6B3-19DCC16EC086}.Debug|Any CPU.Build.0 = Debug|Any CPU
		{1E057FAC-2C79-46B1-B6B3-19DCC16EC086}.Release|Any CPU.ActiveCfg = Release|Any CPU
		{1E057FAC-2C79-46B1-B6B3-19DCC16EC086}.Release|Any CPU.Build.0 = Release|Any CPU
	EndGlobalSection
	GlobalSection(SolutionProperties) = preSolution
		HideSolutionNode = FALSE
	EndGlobalSection
	GlobalSection(ExtensibilityGlobals) = postSolution
		SolutionGuid = {DBB2620B-6CF8-4CC4-8A97-376A8B587DBD}
	EndGlobalSection
EndGlobal
