
Microsoft Visual Studio Solution File, Format Version 12.00
# Visual Studio Version 16
VisualStudioVersion = 16.0.33801.447
MinimumVisualStudioVersion = 10.0.40219.1
Project("{FAE04EC0-301F-11D3-BF4B-00C04F79EFBC}") = "Samples", "Samples\Samples.csproj", "{0D7727CA-1BCE-4897-B3D2-B806EF8FE1C9}"
EndProject
Global
	GlobalSection(SolutionConfigurationPlatforms) = preSolution
		Debug|Any CPU = Debug|Any CPU
		Release|Any CPU = Release|Any CPU
	EndGlobalSection
	GlobalSection(ProjectConfigurationPlatforms) = postSolution
		{0D7727CA-1BCE-4897-B3D2-B806EF8FE1C9}.Debug|Any CPU.ActiveCfg = Debug|Any CPU
		{0D7727CA-1BCE-4897-B3D2-B806EF8FE1C9}.Debug|Any CPU.Build.0 = Debug|Any CPU
		{0D7727CA-1BCE-4897-B3D2-B806EF8FE1C9}.Release|Any CPU.ActiveCfg = Release|Any CPU
		{0D7727CA-1BCE-4897-B3D2-B806EF8FE1C9}.Release|Any CPU.Build.0 = Release|Any CPU
	EndGlobalSection
	GlobalSection(SolutionProperties) = preSolution
		HideSolutionNode = FALSE
	EndGlobalSection
	GlobalSection(ExtensibilityGlobals) = postSolution
		SolutionGuid = {DBC35503-076B-462B-A85D-FE948212189A}
	EndGlobalSection
EndGlobal
